
Microsoft Visual Studio Solution File, Format Version 11.00
# Visual Studio 2010
Project("{FAE04EC0-301F-11D3-BF4B-00C04F79EFBC}") = "CSharpFeatures", "CSharpFeatures\CSharpFeatures.csproj", "{F950F6F5-40B6-4A21-B7E9-10E6FB6A40D4}"
EndProject
Global
	GlobalSection(SolutionConfigurationPlatforms) = preSolution
		Debug|x86 = Debug|x86
		Release|x86 = Release|x86
	EndGlobalSection
	GlobalSection(ProjectConfigurationPlatforms) = postSolution
		{F950F6F5-40B6-4A21-B7E9-10E6FB6A40D4}.Debug|x86.ActiveCfg = Debug|x86
		{F950F6F5-40B6-4A21-B7E9-10E6FB6A40D4}.Debug|x86.Build.0 = Debug|x86
		{F950F6F5-40B6-4A21-B7E9-10E6FB6A40D4}.Release|x86.ActiveCfg = Release|x86
		{F950F6F5-40B6-4A21-B7E9-10E6FB6A40D4}.Release|x86.Build.0 = Release|x86
	EndGlobalSection
	GlobalSection(SolutionProperties) = preSolution
		HideSolutionNode = FALSE
	EndGlobalSection
EndGlobal
